{
  "requires": true,
  "lockfileVersion": 1,
  "dependencies": {
    "vue": {
      "version": "2.6.12",
      "resolved": "https://registry.npmjs.org/vue/-/vue-2.6.12.tgz",
      "integrity": "sha512-uhmLFETqPPNyuLLbsKz6ioJ4q7AZHzD8ZVFNATNyICSZouqP2Sz0rotWQC8UNBF6VGSCs5abnKJoStA6JbCbfg=="
    },
    "vue-cli-plugin-element": {
      "version": "1.0.1",
      "resolved": "https://registry.npm.taobao.org/vue-cli-plugin-element/download/vue-cli-plugin-element-1.0.1.tgz",
      "integrity": "sha1-NOWPtls2z1mvrxT1AyiOXleLFVQ=",
      "dev": true
    }
  }
}
